
Microsoft Visual Studio Solution File, Format Version 12.00
# Visual Studio 15
VisualStudioVersion = 15.0.28010.2026
MinimumVisualStudioVersion = 10.0.40219.1
Project("{FAE04EC0-301F-11D3-BF4B-00C04F79EFBC}") = "clsServer", "clsServer\clsServer.csproj", "{5D03DA1C-08C0-46BA-AD00-F622F6CE0438}"
EndProject
Global
	GlobalSection(SolutionConfigurationPlatforms) = preSolution
		Debug|Any CPU = Debug|Any CPU
		Release|Any CPU = Release|Any CPU
	EndGlobalSection
	GlobalSection(ProjectConfigurationPlatforms) = postSolution
		{5D03DA1C-08C0-46BA-AD00-F622F6CE0438}.Debug|Any CPU.ActiveCfg = Debug|Any CPU
		{5D03DA1C-08C0-46BA-AD00-F622F6CE0438}.Debug|Any CPU.Build.0 = Debug|Any CPU
		{5D03DA1C-08C0-46BA-AD00-F622F6CE0438}.Release|Any CPU.ActiveCfg = Release|Any CPU
		{5D03DA1C-08C0-46BA-AD00-F622F6CE0438}.Release|Any CPU.Build.0 = Release|Any CPU
	EndGlobalSection
	GlobalSection(SolutionProperties) = preSolution
		HideSolutionNode = FALSE
	EndGlobalSection
	GlobalSection(ExtensibilityGlobals) = postSolution
		SolutionGuid = {595B6660-FAEF-41F5-98BB-3A629FFEB3F4}
	EndGlobalSection
EndGlobal
